
Microsoft Visual Studio Solution File, Format Version 12.00
# Visual Studio Version 17
VisualStudioVersion = 17.8.34408.163
MinimumVisualStudioVersion = 10.0.40219.1
Project("{FAE04EC0-301F-11D3-BF4B-00C04F79EFBC}") = "ChatGptApp", "ChatGptApp.csproj", "{E68ACF92-3C1D-4135-B130-7ED92ABF103F}"
EndProject
Global
	GlobalSection(SolutionConfigurationPlatforms) = preSolution
		Debug|Any CPU = Debug|Any CPU
		Release|Any CPU = Release|Any CPU
	EndGlobalSection
	GlobalSection(ProjectConfigurationPlatforms) = postSolution
		{E68ACF92-3C1D-4135-B130-7ED92ABF103F}.Debug|Any CPU.ActiveCfg = Debug|Any CPU
		{E68ACF92-3C1D-4135-B130-7ED92ABF103F}.Debug|Any CPU.Build.0 = Debug|Any CPU
		{E68ACF92-3C1D-4135-B130-7ED92ABF103F}.Release|Any CPU.ActiveCfg = Release|Any CPU
		{E68ACF92-3C1D-4135-B130-7ED92ABF103F}.Release|Any CPU.Build.0 = Release|Any CPU
	EndGlobalSection
	GlobalSection(SolutionProperties) = preSolution
		HideSolutionNode = FALSE
	EndGlobalSection
	GlobalSection(ExtensibilityGlobals) = postSolution
		SolutionGuid = {2E301602-36FD-4594-B9E7-B0D5DD457483}
	EndGlobalSection
EndGlobal
